<?xml version="1.0" encoding="utf-8"?>
<Project ToolsVersion="4.0" xmlns="http://schemas.microsoft.com/developer/msbuild/2003">
  <ItemGroup>
    <ClCompile Include="Body.cpp" />
    <ClCompile Include="Character.cpp" />
    <ClCompile Include="GameManager.cpp" />
    <ClCompile Include="Main.cpp" />
    <ClCompile Include="PlayerBody.cpp" />
    <ClCompile Include="Scene1.cpp" />
    <ClCompile Include="Timer.cpp" />
    <ClCompile Include="Window.cpp" />
    <ClCompile Include="Steering\KinematicBody.cpp">
      <Filter>Steering</Filter>
    </ClCompile>
    <ClCompile Include="Steering\SteeringOutput.cpp">
      <Filter>Steering</Filter>
    </ClCompile>
    <ClCompile Include="KinematicSteeringOutput.cpp">
      <Filter>Steering</Filter>
    </ClCompile>
    <ClCompile Include="SteeringBehaviour.cpp">
      <Filter>Steering</Filter>
    </ClCompile>
    <ClCompile Include="StaticBody.cpp">
      <Filter>Steering</Filter>
    </ClCompile>
    <ClCompile Include="Seek.cpp">
      <Filter>Steering</Filter>
    </ClCompile>
    <ClCompile Include="Flee.cpp">
      <Filter>Steering</Filter>
    </ClCompile>
    <ClCompile Include="Arrive.cpp">
      <Filter>Steering</Filter>
    </ClCompile>
    <ClCompile Include="Pursue.cpp">
      <Filter>Steering</Filter>
    </ClCompile>
    <ClCompile Include="Evade.cpp">
      <Filter>Steering</Filter>
    </ClCompile>
    <ClCompile Include="Wall.cpp" />
    <ClCompile Include="Graph.cpp">
      <Filter>PathFinding</Filter>
    </ClCompile>
    <ClCompile Include="Node.cpp">
      <Filter>PathFinding</Filter>
    </ClCompile>
    <ClCompile Include="Tile.cpp">
      <Filter>PathFinding</Filter>
    </ClCompile>
    <ClCompile Include="CollisionAvoidance.cpp" />
    <ClCompile Include="DecisionTreeNode.cpp">
      <Filter>DecisionMaking</Filter>
    </ClCompile>
    <ClCompile Include="Decision.cpp">
      <Filter>DecisionMaking</Filter>
    </ClCompile>
    <ClCompile Include="PlayerInRange.cpp">
      <Filter>DecisionMaking</Filter>
    </ClCompile>
    <ClCompile Include="Action.cpp">
      <Filter>DecisionMaking</Filter>
    </ClCompile>
    <ClCompile Include="Flocking.cpp" />
    <ClCompile Include="BlendedSteering.cpp" />
    <ClCompile Include="Scene2.cpp" />
    <ClCompile Include="tinyxml2.cpp" />
    <ClCompile Include="Scene3.cpp" />
  </ItemGroup>
  <ItemGroup>
    <ClInclude Include="Body.h" />
    <ClInclude Include="Character.h" />
    <ClInclude Include="GameManager.h" />
    <ClInclude Include="PlayerBody.h" />
    <ClInclude Include="Scene.h" />
    <ClInclude Include="Scene1.h" />
    <ClInclude Include="Timer.h" />
    <ClInclude Include="Window.h" />
    <ClInclude Include="Steering\KinematicBody.h">
      <Filter>Steering</Filter>
    </ClInclude>
    <ClInclude Include="Steering\SteeringOutput.h">
      <Filter>Steering</Filter>
    </ClInclude>
    <ClInclude Include="KinematicSteeringOutput.h">
      <Filter>Steering</Filter>
    </ClInclude>
    <ClInclude Include="SteeringBehaviour.h">
      <Filter>Steering</Filter>
    </ClInclude>
    <ClInclude Include="StaticBody.h">
      <Filter>Steering</Filter>
    </ClInclude>
    <ClInclude Include="Seek.h">
      <Filter>Steering</Filter>
    </ClInclude>
    <ClInclude Include="Flee.h">
      <Filter>Steering</Filter>
    </ClInclude>
    <ClInclude Include="Arrive.h">
      <Filter>Steering</Filter>
    </ClInclude>
    <ClInclude Include="resource.h" />
    <ClInclude Include="Pursue.h">
      <Filter>Steering</Filter>
    </ClInclude>
    <ClInclude Include="Evade.h">
      <Filter>Steering</Filter>
    </ClInclude>
    <ClInclude Include="Wall.h" />
    <ClInclude Include="Graph.h">
      <Filter>PathFinding</Filter>
    </ClInclude>
    <ClInclude Include="Node.h">
      <Filter>PathFinding</Filter>
    </ClInclude>
    <ClInclude Include="Tile.h">
      <Filter>PathFinding</Filter>
    </ClInclude>
    <ClInclude Include="CollisionAvoidance.h" />
    <ClInclude Include="DecisionTreeNode.h">
      <Filter>DecisionMaking</Filter>
    </ClInclude>
    <ClInclude Include="Decision.h">
      <Filter>DecisionMaking</Filter>
    </ClInclude>
    <ClInclude Include="PlayerInRange.h">
      <Filter>DecisionMaking</Filter>
    </ClInclude>
    <ClInclude Include="Action.h">
      <Filter>DecisionMaking</Filter>
    </ClInclude>
    <ClInclude Include="Flocking.h" />
    <ClInclude Include="BlendedSteering.h" />
    <ClInclude Include="Scene2.h" />
    <ClInclude Include="tinyxml2.h" />
    <ClInclude Include="Scene3.h" />
  </ItemGroup>
  <ItemGroup>
    <Filter Include="Steering">
      <UniqueIdentifier>{e9a54b49-1d0c-4cf6-8f86-37bf296a82c5}</UniqueIdentifier>
    </Filter>
    <Filter Include="PathFinding">
      <UniqueIdentifier>{7d9f6310-a443-4a83-bad8-9ea72c0bbf41}</UniqueIdentifier>
    </Filter>
    <Filter Include="DecisionMaking">
      <UniqueIdentifier>{a209419c-eb2b-4cc2-9b6f-d237c7fa5145}</UniqueIdentifier>
    </Filter>
  </ItemGroup>
  <ItemGroup>
    <ResourceCompile Include="GAME307_StudentTemplate.rc" />
  </ItemGroup>
  <ItemGroup>
    <Xml Include="DecisionMaking.xml">
      <Filter>DecisionMaking</Filter>
    </Xml>
    <Xml Include="nearPlayer.xml">
      <Filter>DecisionMaking</Filter>
    </Xml>
  </ItemGroup>
</Project>